{
  "name": "iina-plugin-hello-world",
  "lockfileVersion": 3,
  "requires": true,
  "packages": {
    "": {
      "devDependencies": {
        "iina-plugin-definition": "^0.99.3"
      }
    },
    "node_modules/iina-plugin-definition": {
      "version": "0.99.3",
      "resolved": "https://registry.npmjs.org/iina-plugin-definition/-/iina-plugin-definition-0.99.3.tgz",
      "integrity": "sha512-nj14Uaz+UaJzZgFFftLmpPgTpfQaDq0sQJInbUmAMTdzY9NTe0gORwqDhKW83i+Czu17wxlt6qUYlLQuwyj7Kg==",
      "dev": true,
      "license": "MIT"
    }
  }
}
